
Microsoft Visual Studio Solution File, Format Version 12.00
# Visual Studio Version 16
VisualStudioVersion = 16.0.31019.35
MinimumVisualStudioVersion = 10.0.40219.1
Project("{8BC9CEB8-8B4A-11D0-8D11-00A0C91BC942}") = "WebAlembicViewer", "WebAlembicViewer.vcxproj", "{9D1A9D96-7FFF-431A-BEFC-1D9DC317A736}"
EndProject
Project("{8BC9CEB8-8B4A-11D0-8D11-00A0C91BC942}") = "setup", "setup.vcxproj", "{1C5DE91B-7AE9-4304-9FA1-0DE1ABA8C02D}"
EndProject
Project("{2150E333-8FDC-42A3-9474-1A3956D46DE8}") = "SmallFBX", "SmallFBX", "{5947DBCF-85C1-4413-AC84-5C729AD2D417}"
EndProject
Project("{8BC9CEB8-8B4A-11D0-8D11-00A0C91BC942}") = "SmallFBX", "SmallFBX\src\SmallFBX.vcxproj", "{3C7D88E0-B0D0-4E63-9F3F-75530B2DA797}"
EndProject
Project("{8BC9CEB8-8B4A-11D0-8D11-00A0C91BC942}") = "setup", "SmallFBX\src\setup.vcxproj", "{6A5BAA11-CA5F-4E86-A631-CE7567EC59B5}"
EndProject
Project("{8BC9CEB8-8B4A-11D0-8D11-00A0C91BC942}") = "Test", "SmallFBX\src\Test.vcxproj", "{A369E5E1-3695-4AE0-8EBB-1826839687D1}"
EndProject
Project("{2150E333-8FDC-42A3-9474-1A3956D46DE8}") = "libSSDS", "libSSDS", "{4A03CDD3-CC60-4475-AEB6-1289F4A5E170}"
EndProject
Project("{8BC9CEB8-8B4A-11D0-8D11-00A0C91BC942}") = "libSSDS", "libSSDS\src\libSSDS.vcxproj", "{89C04D37-F3F1-4D3E-ABAA-20C9B7057E25}"
EndProject
Global
	GlobalSection(SolutionConfigurationPlatforms) = preSolution
		Debug|x64 = Debug|x64
		Debug|x86 = Debug|x86
		Release|x64 = Release|x64
		Release|x86 = Release|x86
	EndGlobalSection
	GlobalSection(ProjectConfigurationPlatforms) = postSolution
		{9D1A9D96-7FFF-431A-BEFC-1D9DC317A736}.Debug|x64.ActiveCfg = Debug|x64
		{9D1A9D96-7FFF-431A-BEFC-1D9DC317A736}.Debug|x64.Build.0 = Debug|x64
		{9D1A9D96-7FFF-431A-BEFC-1D9DC317A736}.Debug|x86.ActiveCfg = Debug|x64
		{9D1A9D96-7FFF-431A-BEFC-1D9DC317A736}.Release|x64.ActiveCfg = Release|x64
		{9D1A9D96-7FFF-431A-BEFC-1D9DC317A736}.Release|x64.Build.0 = Release|x64
		{9D1A9D96-7FFF-431A-BEFC-1D9DC317A736}.Release|x86.ActiveCfg = Release|x64
		{1C5DE91B-7AE9-4304-9FA1-0DE1ABA8C02D}.Debug|x64.ActiveCfg = Release|x64
		{1C5DE91B-7AE9-4304-9FA1-0DE1ABA8C02D}.Debug|x64.Build.0 = Release|x64
		{1C5DE91B-7AE9-4304-9FA1-0DE1ABA8C02D}.Debug|x86.ActiveCfg = Release|Win32
		{1C5DE91B-7AE9-4304-9FA1-0DE1ABA8C02D}.Debug|x86.Build.0 = Release|Win32
		{1C5DE91B-7AE9-4304-9FA1-0DE1ABA8C02D}.Release|x64.ActiveCfg = Release|x64
		{1C5DE91B-7AE9-4304-9FA1-0DE1ABA8C02D}.Release|x64.Build.0 = Release|x64
		{1C5DE91B-7AE9-4304-9FA1-0DE1ABA8C02D}.Release|x86.ActiveCfg = Release|Win32
		{1C5DE91B-7AE9-4304-9FA1-0DE1ABA8C02D}.Release|x86.Build.0 = Release|Win32
		{3C7D88E0-B0D0-4E63-9F3F-75530B2DA797}.Debug|x64.ActiveCfg = Debug|x64
		{3C7D88E0-B0D0-4E63-9F3F-75530B2DA797}.Debug|x64.Build.0 = Debug|x64
		{3C7D88E0-B0D0-4E63-9F3F-75530B2DA797}.Debug|x86.ActiveCfg = Debug|x64
		{3C7D88E0-B0D0-4E63-9F3F-75530B2DA797}.Release|x64.ActiveCfg = Release|x64
		{3C7D88E0-B0D0-4E63-9F3F-75530B2DA797}.Release|x64.Build.0 = Release|x64
		{3C7D88E0-B0D0-4E63-9F3F-75530B2DA797}.Release|x86.ActiveCfg = Release|x64
		{6A5BAA11-CA5F-4E86-A631-CE7567EC59B5}.Debug|x64.ActiveCfg = Release|x64
		{6A5BAA11-CA5F-4E86-A631-CE7567EC59B5}.Debug|x64.Build.0 = Release|x64
		{6A5BAA11-CA5F-4E86-A631-CE7567EC59B5}.Debug|x86.ActiveCfg = Release|Win32
		{6A5BAA11-CA5F-4E86-A631-CE7567EC59B5}.Debug|x86.Build.0 = Release|Win32
		{6A5BAA11-CA5F-4E86-A631-CE7567EC59B5}.Release|x64.ActiveCfg = Release|x64
		{6A5BAA11-CA5F-4E86-A631-CE7567EC59B5}.Release|x64.Build.0 = Release|x64
		{6A5BAA11-CA5F-4E86-A631-CE7567EC59B5}.Release|x86.ActiveCfg = Release|Win32
		{6A5BAA11-CA5F-4E86-A631-CE7567EC59B5}.Release|x86.Build.0 = Release|Win32
		{A369E5E1-3695-4AE0-8EBB-1826839687D1}.Debug|x64.ActiveCfg = Debug|x64
		{A369E5E1-3695-4AE0-8EBB-1826839687D1}.Debug|x64.Build.0 = Debug|x64
		{A369E5E1-3695-4AE0-8EBB-1826839687D1}.Debug|x86.ActiveCfg = Debug|x64
		{A369E5E1-3695-4AE0-8EBB-1826839687D1}.Release|x64.ActiveCfg = Release|x64
		{A369E5E1-3695-4AE0-8EBB-1826839687D1}.Release|x64.Build.0 = Release|x64
		{A369E5E1-3695-4AE0-8EBB-1826839687D1}.Release|x86.ActiveCfg = Release|x64
		{89C04D37-F3F1-4D3E-ABAA-20C9B7057E25}.Debug|x64.ActiveCfg = Debug|x64
		{89C04D37-F3F1-4D3E-ABAA-20C9B7057E25}.Debug|x64.Build.0 = Debug|x64
		{89C04D37-F3F1-4D3E-ABAA-20C9B7057E25}.Debug|x86.ActiveCfg = Debug|x64
		{89C04D37-F3F1-4D3E-ABAA-20C9B7057E25}.Release|x64.ActiveCfg = Release|x64
		{89C04D37-F3F1-4D3E-ABAA-20C9B7057E25}.Release|x64.Build.0 = Release|x64
		{89C04D37-F3F1-4D3E-ABAA-20C9B7057E25}.Release|x86.ActiveCfg = Release|x64
	EndGlobalSection
	GlobalSection(SolutionProperties) = preSolution
		HideSolutionNode = FALSE
	EndGlobalSection
	GlobalSection(NestedProjects) = preSolution
		{3C7D88E0-B0D0-4E63-9F3F-75530B2DA797} = {5947DBCF-85C1-4413-AC84-5C729AD2D417}
		{6A5BAA11-CA5F-4E86-A631-CE7567EC59B5} = {5947DBCF-85C1-4413-AC84-5C729AD2D417}
		{A369E5E1-3695-4AE0-8EBB-1826839687D1} = {5947DBCF-85C1-4413-AC84-5C729AD2D417}
		{89C04D37-F3F1-4D3E-ABAA-20C9B7057E25} = {4A03CDD3-CC60-4475-AEB6-1289F4A5E170}
	EndGlobalSection
	GlobalSection(ExtensibilityGlobals) = postSolution
		SolutionGuid = {E689B67C-278C-42B1-8D2F-C5B8668ADC56}
	EndGlobalSection
EndGlobal
