<?xml version="1.0" encoding="utf-8"?>
<Project ToolsVersion="4.0" xmlns="http://schemas.microsoft.com/developer/msbuild/2003">
  <ItemGroup>
    <ClCompile Include="pch.cpp" />
    <ClCompile Include="SceneGraph.cpp" />
    <ClCompile Include="Renderer.cpp" />
    <ClCompile Include="main.cpp" />
    <ClCompile Include="FBX\fbxProperty.cpp">
      <Filter>FBX</Filter>
    </ClCompile>
    <ClCompile Include="FBX\fbxDocument.cpp">
      <Filter>FBX</Filter>
    </ClCompile>
    <ClCompile Include="FBX\fbxNode.cpp">
      <Filter>FBX</Filter>
    </ClCompile>
  </ItemGroup>
  <ItemGroup>
    <ClInclude Include="pch.h" />
    <ClInclude Include="VectorMath.h" />
    <ClInclude Include="WebAlembicViewer.h" />
    <ClInclude Include="FBX\fbxProperty.h">
      <Filter>FBX</Filter>
    </ClInclude>
    <ClInclude Include="FBX\fbxDocument.h">
      <Filter>FBX</Filter>
    </ClInclude>
    <ClInclude Include="FBX\fbxNode.h">
      <Filter>FBX</Filter>
    </ClInclude>
    <ClInclude Include="FBX\fbxUtil.h">
      <Filter>FBX</Filter>
    </ClInclude>
  </ItemGroup>
  <ItemGroup>
    <Filter Include="FBX">
      <UniqueIdentifier>{704f8281-ff1a-4a99-9a47-0868269799d2}</UniqueIdentifier>
    </Filter>
  </ItemGroup>
</Project>